
Microsoft Visual Studio Solution File, Format Version 12.00
# Visual Studio 15
VisualStudioVersion = 15.0.26730.15
MinimumVisualStudioVersion = 10.0.40219.1
Project("{FAE04EC0-301F-11D3-BF4B-00C04F79EFBC}") = "task-person", "task-person\task-person.csproj", "{F6FD0E24-4B5B-46A9-858A-2DB38A58CE30}"
EndProject
Global
	GlobalSection(SolutionConfigurationPlatforms) = preSolution
		Debug|Any CPU = Debug|Any CPU
		Release|Any CPU = Release|Any CPU
	EndGlobalSection
	GlobalSection(ProjectConfigurationPlatforms) = postSolution
		{F6FD0E24-4B5B-46A9-858A-2DB38A58CE30}.Debug|Any CPU.ActiveCfg = Debug|Any CPU
		{F6FD0E24-4B5B-46A9-858A-2DB38A58CE30}.Debug|Any CPU.Build.0 = Debug|Any CPU
		{F6FD0E24-4B5B-46A9-858A-2DB38A58CE30}.Release|Any CPU.ActiveCfg = Release|Any CPU
		{F6FD0E24-4B5B-46A9-858A-2DB38A58CE30}.Release|Any CPU.Build.0 = Release|Any CPU
	EndGlobalSection
	GlobalSection(SolutionProperties) = preSolution
		HideSolutionNode = FALSE
	EndGlobalSection
	GlobalSection(ExtensibilityGlobals) = postSolution
		SolutionGuid = {79DDF42C-8B24-4AEB-ABAD-22561ADEC357}
	EndGlobalSection
EndGlobal
