
Microsoft Visual Studio Solution File, Format Version 12.00
# Visual Studio 15
VisualStudioVersion = 15.0.26730.15
MinimumVisualStudioVersion = 10.0.40219.1
Project("{FAE04EC0-301F-11D3-BF4B-00C04F79EFBC}") = "task-book", "task-book\task-book.csproj", "{64F3FD80-DC9E-4A23-AAC0-700C1CAD810E}"
EndProject
Global
	GlobalSection(SolutionConfigurationPlatforms) = preSolution
		Debug|Any CPU = Debug|Any CPU
		Release|Any CPU = Release|Any CPU
	EndGlobalSection
	GlobalSection(ProjectConfigurationPlatforms) = postSolution
		{64F3FD80-DC9E-4A23-AAC0-700C1CAD810E}.Debug|Any CPU.ActiveCfg = Debug|Any CPU
		{64F3FD80-DC9E-4A23-AAC0-700C1CAD810E}.Debug|Any CPU.Build.0 = Debug|Any CPU
		{64F3FD80-DC9E-4A23-AAC0-700C1CAD810E}.Release|Any CPU.ActiveCfg = Release|Any CPU
		{64F3FD80-DC9E-4A23-AAC0-700C1CAD810E}.Release|Any CPU.Build.0 = Release|Any CPU
	EndGlobalSection
	GlobalSection(SolutionProperties) = preSolution
		HideSolutionNode = FALSE
	EndGlobalSection
	GlobalSection(ExtensibilityGlobals) = postSolution
		SolutionGuid = {5F8C91DE-05A4-4A5A-B7BE-0111D77197EF}
	EndGlobalSection
EndGlobal
